# THIS IS AN AUTOGENERATED FILE. DO NOT EDIT THIS FILE DIRECTLY.
# yarn lockfile v1


inferno-component@3.9.0:
  version "3.9.0"
  resolved "https://registry.yarnpkg.com/inferno-component/-/inferno-component-3.9.0.tgz#26a653bd9f055df49116facf54321ece990798f8"
  dependencies:
    inferno "3.9.0"
    inferno-shared "3.9.0"
    inferno-vnode-flags "3.9.0"

inferno-create-element@^3.9.0:
  version "3.9.0"
  resolved "https://registry.yarnpkg.com/inferno-create-element/-/inferno-create-element-3.9.0.tgz#7b7a15a2b3f9ae57e353b29640e01cc6e1abce7d"
  dependencies:
    inferno "3.9.0"
    inferno-component "3.9.0"
    inferno-shared "3.9.0"
    inferno-vnode-flags "3.9.0"

inferno-shared@3.9.0:
  version "3.9.0"
  resolved "https://registry.yarnpkg.com/inferno-shared/-/inferno-shared-3.9.0.tgz#da0ae6223a26a2aa5729284bee3f3ef92d744a46"

inferno-vnode-flags@3.9.0:
  version "3.9.0"
  resolved "https://registry.yarnpkg.com/inferno-vnode-flags/-/inferno-vnode-flags-3.9.0.tgz#8e358803b8c396788070d54786d86894cecd4a46"

inferno@3.9.0, inferno@^3.9.0:
  version "3.9.0"
  resolved "https://registry.yarnpkg.com/inferno/-/inferno-3.9.0.tgz#4e9a312e9929abb741dfe285630841b0d7e95e62"
  dependencies:
    inferno-shared "3.9.0"
    inferno-vnode-flags "3.9.0"

symbol-observable@^1.0.4:
  version "1.0.4"
  resolved "https://registry.yarnpkg.com/symbol-observable/-/symbol-observable-1.0.4.tgz#29bf615d4aa7121bdd898b22d4b3f9bc4e2aa03d"

typescript@^2.5.3:
  version "2.5.3"
  resolved "https://registry.yarnpkg.com/typescript/-/typescript-2.5.3.tgz#df3dcdc38f3beb800d4bc322646b04a3f6ca7f0d"

xstream@^11.0.0:
  version "11.0.0"
  resolved "https://registry.yarnpkg.com/xstream/-/xstream-11.0.0.tgz#2018c3c4e573f76b62b9cf96a17a46876ab120e0"
  dependencies:
    symbol-observable "^1.0.4"
